
Microsoft Visual Studio Solution File, Format Version 12.00
# Visual Studio Version 17
VisualStudioVersion = 17.5.002.0
MinimumVisualStudioVersion = 10.0.40219.1
Project("{9A19103F-16F7-4668-BE54-9A1E7A4F7556}") = "First C# Application", "First C# Application.csproj", "{19A45B25-0A3C-40C6-88A1-0EBF71943E21}"
EndProject
Global
	GlobalSection(SolutionConfigurationPlatforms) = preSolution
		Debug|Any CPU = Debug|Any CPU
		Release|Any CPU = Release|Any CPU
	EndGlobalSection
	GlobalSection(ProjectConfigurationPlatforms) = postSolution
		{19A45B25-0A3C-40C6-88A1-0EBF71943E21}.Debug|Any CPU.ActiveCfg = Debug|Any CPU
		{19A45B25-0A3C-40C6-88A1-0EBF71943E21}.Debug|Any CPU.Build.0 = Debug|Any CPU
		{19A45B25-0A3C-40C6-88A1-0EBF71943E21}.Release|Any CPU.ActiveCfg = Release|Any CPU
		{19A45B25-0A3C-40C6-88A1-0EBF71943E21}.Release|Any CPU.Build.0 = Release|Any CPU
	EndGlobalSection
	GlobalSection(SolutionProperties) = preSolution
		HideSolutionNode = FALSE
	EndGlobalSection
	GlobalSection(ExtensibilityGlobals) = postSolution
		SolutionGuid = {F7162046-2455-4E95-9499-67300F267992}
	EndGlobalSection
EndGlobal
